{
  "lockfileVersion": 1,
  "configVersion": 1,
  "workspaces": {
    "": {
      "name": "prettier-config",
      "devDependencies": {
        "@tsconfig/bun": "^1.0.10",
        "@types/bun": "latest",
      },
      "peerDependencies": {
        "@prettier/plugin-oxc": "^0.1",
        "prettier": "^3",
        "typescript": "^5",
      },
    },
  },
  "packages": {
    "@emnapi/core": ["@emnapi/core@1.8.1", "", { "dependencies": { "@emnapi/wasi-threads": "1.1.0", "tslib": "^2.4.0" } }, "sha512-AvT9QFpxK0Zd8J0jopedNm+w/2fIzvtPKPjqyw9jwvBaReTTqPBk9Hixaz7KbjimP+QNz605/XnjFcDAL2pqBg=="],

    "@emnapi/runtime": ["@emnapi/runtime@1.8.1", "", { "dependencies": { "tslib": "^2.4.0" } }, "sha512-mehfKSMWjjNol8659Z8KxEMrdSJDDot5SXMq00dM8BN4o+CLNXQ0xH2V7EchNHV4RmbZLmmPdEaXZc5H2FXmDg=="],

    "@emnapi/wasi-threads": ["@emnapi/wasi-threads@1.1.0", "", { "dependencies": { "tslib": "^2.4.0" } }, "sha512-WI0DdZ8xFSbgMjR1sFsKABJ/C5OnRrjT06JXbZKexJGrDuPTzZdDYfFlsgcCXCyf+suG5QU2e/y1Wo2V/OapLQ=="],

    "@napi-rs/wasm-runtime": ["@napi-rs/wasm-runtime@1.1.1", "", { "dependencies": { "@emnapi/core": "^1.7.1", "@emnapi/runtime": "^1.7.1", "@tybys/wasm-util": "^0.10.1" } }, "sha512-p64ah1M1ld8xjWv3qbvFwHiFVWrq1yFvV4f7w+mzaqiR4IlSgkqhcRdHwsGgomwzBH51sRY4NEowLxnaBjcW/A=="],

    "@oxc-parser/binding-android-arm64": ["@oxc-parser/binding-android-arm64@0.99.0", "", { "os": "android", "cpu": "arm64" }, "sha512-V4jhmKXgQQdRnm73F+r3ZY4pUEsijQeSraFeaCGng7abSNJGs76X6l82wHnmjLGFAeY00LWtjcELs7ZmbJ9+lA=="],

    "@oxc-parser/binding-darwin-arm64": ["@oxc-parser/binding-darwin-arm64@0.99.0", "", { "os": "darwin", "cpu": "arm64" }, "sha512-Rp41nf9zD5FyLZciS9l1GfK8PhYqrD5kEGxyTOA2esTLeAy37rZxetG2E3xteEolAkeb2WDkVrlxPtibeAncMg=="],

    "@oxc-parser/binding-darwin-x64": ["@oxc-parser/binding-darwin-x64@0.99.0", "", { "os": "darwin", "cpu": "x64" }, "sha512-WVonp40fPPxo5Gs0POTI57iEFv485TvNKOHMwZRhigwZRhZY2accEAkYIhei9eswF4HN5B44Wybkz7Gd1Qr/5Q=="],

    "@oxc-parser/binding-freebsd-x64": ["@oxc-parser/binding-freebsd-x64@0.99.0", "", { "os": "freebsd", "cpu": "x64" }, "sha512-H30bjOOttPmG54gAqu6+HzbLEzuNOYO2jZYrIq4At+NtLJwvNhXz28Hf5iEAFZIH/4hMpLkM4VN7uc+5UlNW3Q=="],

    "@oxc-parser/binding-linux-arm-gnueabihf": ["@oxc-parser/binding-linux-arm-gnueabihf@0.99.0", "", { "os": "linux", "cpu": "arm" }, "sha512-0Z/Th0SYqzSRDPs6tk5lQdW0i73UCupnim3dgq2oW0//UdLonV/5wIZCArfKGC7w9y4h8TxgXpgtIyD1kKzzlQ=="],

    "@oxc-parser/binding-linux-arm-musleabihf": ["@oxc-parser/binding-linux-arm-musleabihf@0.99.0", "", { "os": "linux", "cpu": "arm" }, "sha512-xo0wqNd5bpbzQVNpAIFbHk1xa+SaS/FGBABCd942SRTnrpxl6GeDj/s1BFaGcTl8MlwlKVMwOcyKrw/2Kdfquw=="],

    "@oxc-parser/binding-linux-arm64-gnu": ["@oxc-parser/binding-linux-arm64-gnu@0.99.0", "", { "os": "linux", "cpu": "arm64" }, "sha512-u26I6LKoLTPTd4Fcpr0aoAtjnGf5/ulMllo+QUiBhupgbVCAlaj4RyXH/mvcjcsl2bVBv9E/gYJZz2JjxQWXBA=="],

    "@oxc-parser/binding-linux-arm64-musl": ["@oxc-parser/binding-linux-arm64-musl@0.99.0", "", { "os": "linux", "cpu": "arm64" }, "sha512-qhftDo2D37SqCEl3ZTa367NqWSZNb1Ddp34CTmShLKFrnKdNiUn55RdokLnHtf1AL5ssaQlYDwBECX7XiBWOhw=="],

    "@oxc-parser/binding-linux-riscv64-gnu": ["@oxc-parser/binding-linux-riscv64-gnu@0.99.0", "", { "os": "linux", "cpu": "none" }, "sha512-zxn/xkf519f12FKkpL5XwJipsylfSSnm36h6c1zBDTz4fbIDMGyIhHfWfwM7uUmHo9Aqw1pLxFpY39Etv398+Q=="],

    "@oxc-parser/binding-linux-s390x-gnu": ["@oxc-parser/binding-linux-s390x-gnu@0.99.0", "", { "os": "linux", "cpu": "s390x" }, "sha512-Y1eSDKDS5E4IVC7Oxw+NbYAKRmJPMJTIjW+9xOWwteDHkFqpocKe0USxog+Q1uhzalD9M0p9eXWEWdGQCMDBMQ=="],

    "@oxc-parser/binding-linux-x64-gnu": ["@oxc-parser/binding-linux-x64-gnu@0.99.0", "", { "os": "linux", "cpu": "x64" }, "sha512-YVJMfk5cFWB8i2/nIrbk6n15bFkMHqWnMIWkVx7r2KwpTxHyFMfu2IpeVKo1ITDSmt5nBrGdLHD36QRlu2nDLg=="],

    "@oxc-parser/binding-linux-x64-musl": ["@oxc-parser/binding-linux-x64-musl@0.99.0", "", { "os": "linux", "cpu": "x64" }, "sha512-2+SDPrie5f90A1b9EirtVggOgsqtsYU5raZwkDYKyS1uvJzjqHCDhG/f4TwQxHmIc5YkczdQfwvN91lwmjsKYQ=="],

    "@oxc-parser/binding-wasm32-wasi": ["@oxc-parser/binding-wasm32-wasi@0.99.0", "", { "dependencies": { "@napi-rs/wasm-runtime": "^1.0.7" }, "cpu": "none" }, "sha512-DKA4j0QerUWSMADziLM5sAyM7V53Fj95CV9SjP77bPfEfT7MnvFKnneaRMqPK1cpzjAGiQF52OBUIKyk0dwOQA=="],

    "@oxc-parser/binding-win32-arm64-msvc": ["@oxc-parser/binding-win32-arm64-msvc@0.99.0", "", { "os": "win32", "cpu": "arm64" }, "sha512-EaB3AvsxqdNUhh9FOoAxRZ2L4PCRwDlDb//QXItwyOJrX7XS+uGK9B1KEUV4FZ/7rDhHsWieLt5e07wl2Ti5AQ=="],

    "@oxc-parser/binding-win32-x64-msvc": ["@oxc-parser/binding-win32-x64-msvc@0.99.0", "", { "os": "win32", "cpu": "x64" }, "sha512-sJN1Q8h7ggFOyDn0zsHaXbP/MklAVUvhrbq0LA46Qum686P3SZQHjbATqJn9yaVEvaSKXCshgl0vQ1gWkGgpcQ=="],

    "@oxc-project/types": ["@oxc-project/types@0.99.0", "", {}, "sha512-LLDEhXB7g1m5J+woRSgfKsFPS3LhR9xRhTeIoEBm5WrkwMxn6eZ0Ld0c0K5eHB57ChZX6I3uSmmLjZ8pcjlRcw=="],

    "@prettier/plugin-oxc": ["@prettier/plugin-oxc@0.1.3", "", { "dependencies": { "oxc-parser": "0.99.0" } }, "sha512-aABz3zIRilpWMekbt1FL1JVBQrQLR8L4Td2SRctECrWSsXGTNn/G1BqNSKCdbvQS1LWstAXfqcXzDki7GAAJyg=="],

    "@tsconfig/bun": ["@tsconfig/bun@1.0.10", "", {}, "sha512-5AV5YknQjNyoYzZ/8NG0dawqew/wH+x7ANiCfCIn29qo0cdbd1EryvFD1k5NSZWLBMOI/fGqMIaxi58GPIP9Cg=="],

    "@tybys/wasm-util": ["@tybys/wasm-util@0.10.1", "", { "dependencies": { "tslib": "^2.4.0" } }, "sha512-9tTaPJLSiejZKx+Bmog4uSubteqTvFrVrURwkmHixBo0G4seD0zUxp98E1DzUBJxLQ3NPwXrGKDiVjwx/DpPsg=="],

    "@types/bun": ["@types/bun@1.3.9", "", { "dependencies": { "bun-types": "1.3.9" } }, "sha512-KQ571yULOdWJiMH+RIWIOZ7B2RXQGpL1YQrBtLIV3FqDcCu6FsbFUBwhdKUlCKUpS3PJDsHlJ1QKlpxoVR+xtw=="],

    "@types/node": ["@types/node@25.3.0", "", { "dependencies": { "undici-types": "~7.18.0" } }, "sha512-4K3bqJpXpqfg2XKGK9bpDTc6xO/xoUP/RBWS7AtRMug6zZFaRekiLzjVtAoZMquxoAbzBvy5nxQ7veS5eYzf8A=="],

    "bun-types": ["bun-types@1.3.9", "", { "dependencies": { "@types/node": "*" } }, "sha512-+UBWWOakIP4Tswh0Bt0QD0alpTY8cb5hvgiYeWCMet9YukHbzuruIEeXC2D7nMJPB12kbh8C7XJykSexEqGKJg=="],

    "oxc-parser": ["oxc-parser@0.99.0", "", { "dependencies": { "@oxc-project/types": "^0.99.0" }, "optionalDependencies": { "@oxc-parser/binding-android-arm64": "0.99.0", "@oxc-parser/binding-darwin-arm64": "0.99.0", "@oxc-parser/binding-darwin-x64": "0.99.0", "@oxc-parser/binding-freebsd-x64": "0.99.0", "@oxc-parser/binding-linux-arm-gnueabihf": "0.99.0", "@oxc-parser/binding-linux-arm-musleabihf": "0.99.0", "@oxc-parser/binding-linux-arm64-gnu": "0.99.0", "@oxc-parser/binding-linux-arm64-musl": "0.99.0", "@oxc-parser/binding-linux-riscv64-gnu": "0.99.0", "@oxc-parser/binding-linux-s390x-gnu": "0.99.0", "@oxc-parser/binding-linux-x64-gnu": "0.99.0", "@oxc-parser/binding-linux-x64-musl": "0.99.0", "@oxc-parser/binding-wasm32-wasi": "0.99.0", "@oxc-parser/binding-win32-arm64-msvc": "0.99.0", "@oxc-parser/binding-win32-x64-msvc": "0.99.0" } }, "sha512-MpS1lbd2vR0NZn1v0drpgu7RUFu3x9Rd0kxExObZc2+F+DIrV0BOMval/RO3BYGwssIOerII6iS8EbbpCCZQpQ=="],

    "prettier": ["prettier@3.8.1", "", { "bin": { "prettier": "bin/prettier.cjs" } }, "sha512-UOnG6LftzbdaHZcKoPFtOcCKztrQ57WkHDeRD9t/PTQtmT0NHSeWWepj6pS0z/N7+08BHFDQVUrfmfMRcZwbMg=="],

    "tslib": ["tslib@2.8.1", "", {}, "sha512-oJFu94HQb+KVduSUQL7wnpmqnfmLsOA/nAh6b6EH0wCEoK0/mPeXU6c3wKDV83MkOuHPRHtSXKKU99IBazS/2w=="],

    "typescript": ["typescript@5.9.3", "", { "bin": { "tsc": "bin/tsc", "tsserver": "bin/tsserver" } }, "sha512-jl1vZzPDinLr9eUt3J/t7V6FgNEw9QjvBPdysz9KfQDD41fQrC2Y4vKQdiaUpFT4bXlb1RHhLpp8wtm6M5TgSw=="],

    "undici-types": ["undici-types@7.18.2", "", {}, "sha512-AsuCzffGHJybSaRrmr5eHr81mwJU3kjw6M+uprWvCXiNeN9SOGwQ3Jn8jb8m3Z6izVgknn1R0FTCEAP2QrLY/w=="],
  }
}
